# THIS IS AN AUTOGENERATED FILE. DO NOT EDIT THIS FILE DIRECTLY.
# yarn lockfile v1


"@brightlayer-ui/prettier-config@^1.0.3":
  version "1.0.3"
  resolved "https://registry.yarnpkg.com/@brightlayer-ui/prettier-config/-/prettier-config-1.0.3.tgz#e40a7ae7435c6fd5118acbf249080e0aa81e93af"
  integrity sha512-EYm3+V7Qd+oYEF+8FadsXAZqXryEHHbGnrV1BMp9selhABjceqUqXPVE4Sn3SKWQdBNJ3En2A3EzgrzRbvRTaw==

prettier@^3.3.0:
  version "3.3.0"
  resolved "https://registry.yarnpkg.com/prettier/-/prettier-3.3.0.tgz#d173ea0524a691d4c0b1181752f2b46724328cdf"
  integrity sha512-J9odKxERhCQ10OC2yb93583f6UnYutOeiV5i0zEDS7UGTdUt0u+y8erxl3lBKvwo/JHyyoEdXjwp4dke9oyZ/g==
